// !$*UTF8*$!
{
	archiveVersion = 1;
	classes = {
	};
	objectVersion = 48;
	objects = {

/* Begin PBXBuildFile section */
		E26934E41FC674E200A4950C /* AppDelegate.m in Sources */ = {isa = PBXBuildFile; fileRef = E26934E31FC674E200A4950C /* AppDelegate.m */; };
		E26934E71FC674E200A4950C /* ViewController.m in Sources */ = {isa = PBXBuildFile; fileRef = E26934E61FC674E200A4950C /* ViewController.m */; };
		E26934EA1FC674E200A4950C /* Main.storyboard in Resources */ = {isa = PBXBuildFile; fileRef = E26934E81FC674E200A4950C /* Main.storyboard */; };
		E26934EC1FC674E200A4950C /* Assets.xcassets in Resources */ = {isa = PBXBuildFile; fileRef = E26934EB1FC674E200A4950C /* Assets.xcassets */; };
		E26934EF1FC674E200A4950C /* LaunchScreen.storyboard in Resources */ = {isa = PBXBuildFile; fileRef = E26934ED1FC674E200A4950C /* LaunchScreen.storyboard */; };
		E26934F21FC674E200A4950C /* main.m in Sources */ = {isa = PBXBuildFile; fileRef = E26934F11FC674E200A4950C /* main.m */; };
		E26934FC1FC674E200A4950C /* NewTestTests.m in Sources */ = {isa = PBXBuildFile; fileRef = E26934FB1FC674E200A4950C /* NewTestTests.m */; };
		E26935071FC674E200A4950C /* NewTestUITests.m in Sources */ = {isa = PBXBuildFile; fileRef = E26935061FC674E200A4950C /* NewTestUITests.m */; };
/* End PBXBuildFile section */

/* Begin PBXContainerItemProxy section */
		E26934F81FC674E200A4950C /* PBXContainerItemProxy */ = {
			isa = PBXContainerItemProxy;
			containerPortal = E26934D71FC674E200A4950C /* Project object */;
			proxyType = 1;
			remoteGlobalIDString = E26934DE1FC674E200A4950C;
			remoteInfo = NewTest;
		};
		E26935031FC674E200A4950C /* PBXContainerItemProxy */ = {
			isa = PBXContainerItemProxy;
			containerPortal = E26934D71FC674E200A4950C /* Project object */;
			proxyType = 1;
			remoteGlobalIDString = E26934DE1FC674E200A4950C;
			remoteInfo = NewTest;
		};
/* End PBXContainerItemProxy section */

/* Begin PBXFileReference section */
		E26934DF1FC674E200A4950C /* NewTest.app */ = {isa = PBXFileReference; explicitFileType = wrapper.application; includeInIndex = 0; path = NewTest.app; sourceTree = BUILT_PRODUCTS_DIR; };
		E26934E21FC674E200A4950C /* AppDelegate.h */ = {isa = PBXFileReference; lastKnownFileType = sourcecode.c.h; path = AppDelegate.h; sourceTree = "<group>"; };
		E26934E31FC674E200A4950C /* AppDelegate.m */ = {isa = PBXFileReference; lastKnownFileType = sourcecode.c.objc; path = AppDelegate.m; sourceTree = "<group>"; };
		E26934E51FC674E200A4950C /* ViewController.h */ = {isa = PBXFileReference; lastKnownFileType = sourcecode.c.h; path = ViewController.h; sourceTree = "<group>"; };
		E26934E61FC674E200A4950C /* ViewController.m */ = {isa = PBXFileReference; lastKnownFileType = sourcecode.c.objc; path = ViewController.m; sourceTree = "<group>"; };
		E26934E91FC674E200A4950C /* Base */ = {isa = PBXFileReference; lastKnownFileType = file.storyboard; name = Base; path = Base.lproj/Main.storyboard; sourceTree = "<group>"; };
		E26934EB1FC674E200A4950C /* Assets.xcassets */ = {isa = PBXFileReference; lastKnownFileType = folder.assetcatalog; path = Assets.xcassets; sourceTree = "<group>"; };
		E26934EE1FC674E200A4950C /* Base */ = {isa = PBXFileReference; lastKnownFileType = file.storyboard; name = Base; path = Base.lproj/LaunchScreen.storyboard; sourceTree = "<group>"; };
		E26934F01FC674E200A4950C /* Info.plist */ = {isa = PBXFileReference; lastKnownFileType = text.plist.xml; path = Info.plist; sourceTree = "<group>"; };
		E26934F11FC674E200A4950C /* main.m */ = {isa = PBXFileReference; lastKnownFileType = sourcecode.c.objc; path = main.m; sourceTree = "<group>"; };
		E26934F71FC674E200A4950C /* NewTestTests.xctest */ = {isa = PBXFileReference; explicitFileType = wrapper.cfbundle; includeInIndex = 0; path = NewTestTests.xctest; sourceTree = BUILT_PRODUCTS_DIR; };
		E26934FB1FC674E200A4950C /* NewTestTests.m */ = {isa = PBXFileReference; lastKnownFileType = sourcecode.c.objc; path = NewTestTests.m; sourceTree = "<group>"; };
		E26934FD1FC674E200A4950C /* Info.plist */ = {isa = PBXFileReference; lastKnownFileType = text.plist.xml; path = Info.plist; sourceTree = "<group>"; };
		E26935021FC674E200A4950C /* NewTestUITests.xctest */ = {isa = PBXFileReference; explicitFileType = wrapper.cfbundle; includeInIndex = 0; path = NewTestUITests.xctest; sourceTree = BUILT_PRODUCTS_DIR; };
		E26935061FC674E200A4950C /* NewTestUITests.m */ = {isa = PBXFileReference; lastKnownFileType = sourcecode.c.objc; path = NewTestUITests.m; sourceTree = "<group>"; };
		E26935081FC674E200A4950C /* Info.plist */ = {isa = PBXFileReference; lastKnownFileType = text.plist.xml; path = Info.plist; sourceTree = "<group>"; };
/* End PBXFileReference section */

/* Begin PBXFrameworksBuildPhase section */
		E26934DC1FC674E200A4950C /* Frameworks */ = {
			isa = PBXFrameworksBuildPhase;
			buildActionMask = 2147483647;
			files = (
			);
			runOnlyForDeploymentPostprocessing = 0;
		};
		E26934F41FC674E200A4950C /* Frameworks */ = {
			isa = PBXFrameworksBuildPhase;
			buildActionMask = 2147483647;
			files = (
			);
			runOnlyForDeploymentPostprocessing = 0;
		};
		E26934FF1FC674E200A4950C /* Frameworks */ = {
			isa = PBXFrameworksBuildPhase;
			buildActionMask = 2147483647;
			files = (
			);
			runOnlyForDeploymentPostprocessing = 0;
		};
/* End PBXFrameworksBuildPhase section */

/* Begin PBXGroup section */
		E26934D61FC674E200A4950C = {
			isa = PBXGroup;
			children = (
				E26934E11FC674E200A4950C /* NewTest */,
				E26934FA1FC674E200A4950C /* NewTestTests */,
				E26935051FC674E200A4950C /* NewTestUITests */,
				E26934E01FC674E200A4950C /* Products */,
			);
			sourceTree = "<group>";
		};
		E26934E01FC674E200A4950C /* Products */ = {
			isa = PBXGroup;
			children = (
				E26934DF1FC674E200A4950C /* NewTest.app */,
				E26934F71FC674E200A4950C /* NewTestTests.xctest */,
				E26935021FC674E200A4950C /* NewTestUITests.xctest */,
			);
			name = Products;
			sourceTree = "<group>";
		};
		E26934E11FC674E200A4950C /* NewTest */ = {
			isa = PBXGroup;
			children = (
				E26934E21FC674E200A4950C /* AppDelegate.h */,
				E26934E31FC674E200A4950C /* AppDelegate.m */,
				E26934E51FC674E200A4950C /* ViewController.h */,
				E26934E61FC674E200A4950C /* ViewController.m */,
				E26934E81FC674E200A4950C /* Main.storyboard */,
				E26934EB1FC674E200A4950C /* Assets.xcassets */,
				E26934ED1FC674E200A4950C /* LaunchScreen.storyboard */,
				E26934F01FC674E200A4950C /* Info.plist */,
				E26934F11FC674E200A4950C /* main.m */,
			);
			path = NewTest;
			sourceTree = "<group>";
		};
		E26934FA1FC674E200A4950C /* NewTestTests */ = {
			isa = PBXGroup;
			children = (
				E26934FB1FC674E200A4950C /* NewTestTests.m */,
				E26934FD1FC674E200A4950C /* Info.plist */,
			);
			path = NewTestTests;
			sourceTree = "<group>";
		};
		E26935051FC674E200A4950C /* NewTestUITests */ = {
			isa = PBXGroup;
			children = (
				E26935061FC674E200A4950C /* NewTestUITests.m */,
				E26935081FC674E200A4950C /* Info.plist */,
			);
			path = NewTestUITests;
			sourceTree = "<group>";
		};
/* End PBXGroup section */

/* Begin PBXNativeTarget section */
		E26934DE1FC674E200A4950C /* NewTest */ = {
			isa = PBXNativeTarget;
			buildConfigurationList = E269350B1FC674E200A4950C /* Build configuration list for PBXNativeTarget "NewTest" */;
			buildPhases = (
				E26934DB1FC674E200A4950C /* Sources */,
				E26934DC1FC674E200A4950C /* Frameworks */,
				E26934DD1FC674E200A4950C /* Resources */,
			);
			buildRules = (
			);
			dependencies = (
			);
			name = NewTest;
			productName = NewTest;
			productReference = E26934DF1FC674E200A4950C /* NewTest.app */;
			productType = "com.apple.product-type.application";
		};
		E26934F61FC674E200A4950C /* NewTestTests */ = {
			isa = PBXNativeTarget;
			buildConfigurationList = E269350E1FC674E200A4950C /* Build configuration list for PBXNativeTarget "NewTestTests" */;
			buildPhases = (
				E26934F31FC674E200A4950C /* Sources */,
				E26934F41FC674E200A4950C /* Frameworks */,
				E26934F51FC674E200A4950C /* Resources */,
			);
			buildRules = (
			);
			dependencies = (
				E26934F91FC674E200A4950C /* PBXTargetDependency */,
			);
			name = NewTestTests;
			productName = NewTestTests;
			productReference = E26934F71FC674E200A4950C /* NewTestTests.xctest */;
			productType = "com.apple.product-type.bundle.unit-test";
		};
		E26935011FC674E200A4950C /* NewTestUITests */ = {
			isa = PBXNativeTarget;
			buildConfigurationList = E26935111FC674E200A4950C /* Build configuration list for PBXNativeTarget "NewTestUITests" */;
			buildPhases = (
				E26934FE1FC674E200A4950C /* Sources */,
				E26934FF1FC674E200A4950C /* Frameworks */,
				E26935001FC674E200A4950C /* Resources */,
			);
			buildRules = (
			);
			dependencies = (
				E26935041FC674E200A4950C /* PBXTargetDependency */,
			);
			name = NewTestUITests;
			productName = NewTestUITests;
			productReference = E26935021FC674E200A4950C /* NewTestUITests.xctest */;
			productType = "com.apple.product-type.bundle.ui-testing";
		};
/* End PBXNativeTarget section */

/* Begin PBXProject section */
		E26934D71FC674E200A4950C /* Project object */ = {
			isa = PBXProject;
			attributes = {
				LastUpgradeCheck = 0910;
				ORGANIZATIONNAME = "李明";
				TargetAttributes = {
					E26934DE1FC674E200A4950C = {
						CreatedOnToolsVersion = 9.1;
						ProvisioningStyle = Automatic;
					};
					E26934F61FC674E200A4950C = {
						CreatedOnToolsVersion = 9.1;
						ProvisioningStyle = Automatic;
						TestTargetID = E26934DE1FC674E200A4950C;
					};
					E26935011FC674E200A4950C = {
						CreatedOnToolsVersion = 9.1;
						ProvisioningStyle = Automatic;
						TestTargetID = E26934DE1FC674E200A4950C;
					};
				};
			};
			buildConfigurationList = E26934DA1FC674E200A4950C /* Build configuration list for PBXProject "NewTest" */;
			compatibilityVersion = "Xcode 8.0";
			developmentRegion = en;
			hasScannedForEncodings = 0;
			knownRegions = (
				en,
				Base,
			);
			mainGroup = E26934D61FC674E200A4950C;
			productRefGroup = E26934E01FC674E200A4950C /* Products */;
			projectDirPath = "";
			projectRoot = "";
			targets = (
				E26934DE1FC674E200A4950C /* NewTest */,
				E26934F61FC674E200A4950C /* NewTestTests */,
				E26935011FC674E200A4950C /* NewTestUITests */,
			);
		};
/* End PBXProject section */

/* Begin PBXResourcesBuildPhase section */
		E26934DD1FC674E200A4950C /* Resources */ = {
			isa = PBXResourcesBuildPhase;
			buildActionMask = 2147483647;
			files = (
				E26934EF1FC674E200A4950C /* LaunchScreen.storyboard in Resources */,
				E26934EC1FC674E200A4950C /* Assets.xcassets in Resources */,
				E26934EA1FC674E200A4950C /* Main.storyboard in Resources */,
			);
			runOnlyForDeploymentPostprocessing = 0;
		};
		E26934F51FC674E200A4950C /* Resources */ = {
			isa = PBXResourcesBuildPhase;
			buildActionMask = 2147483647;
			files = (
			);
			runOnlyForDeploymentPostprocessing = 0;
		};
		E26935001FC674E200A4950C /* Resources */ = {
			isa = PBXResourcesBuildPhase;
			buildActionMask = 2147483647;
			files = (
			);
			runOnlyForDeploymentPostprocessing = 0;
		};
/* End PBXResourcesBuildPhase section */

/* Begin PBXSourcesBuildPhase section */
		E26934DB1FC674E200A4950C /* Sources */ = {
			isa = PBXSourcesBuildPhase;
			buildActionMask = 2147483647;
			files = (
				E26934E71FC674E200A4950C /* ViewController.m in Sources */,
				E26934F21FC674E200A4950C /* main.m in Sources */,
				E26934E41FC674E200A4950C /* AppDelegate.m in Sources */,
			);
			runOnlyForDeploymentPostprocessing = 0;
		};
		E26934F31FC674E200A4950C /* Sources */ = {
			isa = PBXSourcesBuildPhase;
			buildActionMask = 2147483647;
			files = (
				E26934FC1FC674E200A4950C /* NewTestTests.m in Sources */,
			);
			runOnlyForDeploymentPostprocessing = 0;
		};
		E26934FE1FC674E200A4950C /* Sources */ = {
			isa = PBXSourcesBuildPhase;
			buildActionMask = 2147483647;
			files = (
				E26935071FC674E200A4950C /* NewTestUITests.m in Sources */,
			);
			runOnlyForDeploymentPostprocessing = 0;
		};
/* End PBXSourcesBuildPhase section */

/* Begin PBXTargetDependency section */
		E26934F91FC674E200A4950C /* PBXTargetDependency */ = {
			isa = PBXTargetDependency;
			target = E26934DE1FC674E200A4950C /* NewTest */;
			targetProxy = E26934F81FC674E200A4950C /* PBXContainerItemProxy */;
		};
		E26935041FC674E200A4950C /* PBXTargetDependency */ = {
			isa = PBXTargetDependency;
			target = E26934DE1FC674E200A4950C /* NewTest */;
			targetProxy = E26935031FC674E200A4950C /* PBXContainerItemProxy */;
		};
/* End PBXTargetDependency section */

/* Begin PBXVariantGroup section */
		E26934E81FC674E200A4950C /* Main.storyboard */ = {
			isa = PBXVariantGroup;
			children = (
				E26934E91FC674E200A4950C /* Base */,
			);
			name = Main.storyboard;
			sourceTree = "<group>";
		};
		E26934ED1FC674E200A4950C /* LaunchScreen.storyboard */ = {
			isa = PBXVariantGroup;
			children = (
				E26934EE1FC674E200A4950C /* Base */,
			);
			name = LaunchScreen.storyboard;
			sourceTree = "<group>";
		};
/* End PBXVariantGroup section */

/* Begin XCBuildConfiguration section */
		E26935091FC674E200A4950C /* Debug */ = {
			isa = XCBuildConfiguration;
			buildSettings = {
				ALWAYS_SEARCH_USER_PATHS = NO;
				CLANG_ANALYZER_NONNULL = YES;
				CLANG_ANALYZER_NUMBER_OBJECT_CONVERSION = YES_AGGRESSIVE;
				CLANG_CXX_LANGUAGE_STANDARD = "gnu++14";
				CLANG_CXX_LIBRARY = "libc++";
				CLANG_ENABLE_MODULES = YES;
				CLANG_ENABLE_OBJC_ARC = YES;
				CLANG_WARN_BLOCK_CAPTURE_AUTORELEASING = YES;
				CLANG_WARN_BOOL_CONVERSION = YES;
				CLANG_WARN_COMMA = YES;
				CLANG_WARN_CONSTANT_CONVERSION = YES;
				CLANG_WARN_DIRECT_OBJC_ISA_USAGE = YES_ERROR;
				CLANG_WARN_DOCUMENTATION_COMMENTS = YES;
				CLANG_WARN_EMPTY_BODY = YES;
				CLANG_WARN_ENUM_CONVERSION = YES;
				CLANG_WARN_INFINITE_RECURSION = YES;
				CLANG_WARN_INT_CONVERSION = YES;
				CLANG_WARN_NON_LITERAL_NULL_CONVERSION = YES;
				CLANG_WARN_OBJC_LITERAL_CONVERSION = YES;
				CLANG_WARN_OBJC_ROOT_CLASS = YES_ERROR;
				CLANG_WARN_RANGE_LOOP_ANALYSIS = YES;
				CLANG_WARN_STRICT_PROTOTYPES = YES;
				CLANG_WARN_SUSPICIOUS_MOVE = YES;
				CLANG_WARN_UNGUARDED_AVAILABILITY = YES_AGGRESSIVE;
				CLANG_WARN_UNREACHABLE_CODE = YES;
				CLANG_WARN__DUPLICATE_METHOD_MATCH = YES;
				CODE_SIGN_IDENTITY = "iPhone Developer";
				COPY_PHASE_STRIP = NO;
				DEBUG_INFORMATION_FORMAT = dwarf;
				ENABLE_STRICT_OBJC_MSGSEND = YES;
				ENABLE_TESTABILITY = YES;
				GCC_C_LANGUAGE_STANDARD = gnu11;
				GCC_DYNAMIC_NO_PIC = NO;
				GCC_NO_COMMON_BLOCKS = YES;
				GCC_OPTIMIZATION_LEVEL = 0;
				GCC_PREPROCESSOR_DEFINITIONS = (
					"DEBUG=1",
					"$(inherited)",
				);
				GCC_WARN_64_TO_32_BIT_CONVERSION = YES;
				GCC_WARN_ABOUT_RETURN_TYPE = YES_ERROR;
				GCC_WARN_UNDECLARED_SELECTOR = YES;
				GCC_WARN_UNINITIALIZED_AUTOS = YES_AGGRESSIVE;
				GCC_WARN_UNUSED_FUNCTION = YES;
				GCC_WARN_UNUSED_VARIABLE = YES;
				IPHONEOS_DEPLOYMENT_TARGET = 11.1;
				MTL_ENABLE_DEBUG_INFO = YES;
				ONLY_ACTIVE_ARCH = YES;
				SDKROOT = iphoneos;
			};
			name = Debug;
		};
		E269350A1FC674E200A4950C /* Release */ = {
			isa = XCBuildConfiguration;
			buildSettings = {
				ALWAYS_SEARCH_USER_PATHS = NO;
				CLANG_ANALYZER_NONNULL = YES;
				CLANG_ANALYZER_NUMBER_OBJECT_CONVERSION = YES_AGGRESSIVE;
				CLANG_CXX_LANGUAGE_STANDARD = "gnu++14";
				CLANG_CXX_LIBRARY = "libc++";
				CLANG_ENABLE_MODULES = YES;
				CLANG_ENABLE_OBJC_ARC = YES;
				CLANG_WARN_BLOCK_CAPTURE_AUTORELEASING = YES;
				CLANG_WARN_BOOL_CONVERSION = YES;
				CLANG_WARN_COMMA = YES;
				CLANG_WARN_CONSTANT_CONVERSION = YES;
				CLANG_WARN_DIRECT_OBJC_ISA_USAGE = YES_ERROR;
				CLANG_WARN_DOCUMENTATION_COMMENTS = YES;
				CLANG_WARN_EMPTY_BODY = YES;
				CLANG_WARN_ENUM_CONVERSION = YES;
				CLANG_WARN_INFINITE_RECURSION = YES;
				CLANG_WARN_INT_CONVERSION = YES;
				CLANG_WARN_NON_LITERAL_NULL_CONVERSION = YES;
				CLANG_WARN_OBJC_LITERAL_CONVERSION = YES;
				CLANG_WARN_OBJC_ROOT_CLASS = YES_ERROR;
				CLANG_WARN_RANGE_LOOP_ANALYSIS = YES;
				CLANG_WARN_STRICT_PROTOTYPES = YES;
				CLANG_WARN_SUSPICIOUS_MOVE = YES;
				CLANG_WARN_UNGUARDED_AVAILABILITY = YES_AGGRESSIVE;
				CLANG_WARN_UNREACHABLE_CODE = YES;
				CLANG_WARN__DUPLICATE_METHOD_MATCH = YES;
				CODE_SIGN_IDENTITY = "iPhone Developer";
				COPY_PHASE_STRIP = NO;
				DEBUG_INFORMATION_FORMAT = "dwarf-with-dsym";
				ENABLE_NS_ASSERTIONS = NO;
				ENABLE_STRICT_OBJC_MSGSEND = YES;
				GCC_C_LANGUAGE_STANDARD = gnu11;
				GCC_NO_COMMON_BLOCKS = YES;
				GCC_WARN_64_TO_32_BIT_CONVERSION = YES;
				GCC_WARN_ABOUT_RETURN_TYPE = YES_ERROR;
				GCC_WARN_UNDECLARED_SELECTOR = YES;
				GCC_WARN_UNINITIALIZED_AUTOS = YES_AGGRESSIVE;
				GCC_WARN_UNUSED_FUNCTION = YES;
				GCC_WARN_UNUSED_VARIABLE = YES;
				IPHONEOS_DEPLOYMENT_TARGET = 11.1;
				MTL_ENABLE_DEBUG_INFO = NO;
				SDKROOT = iphoneos;
				VALIDATE_PRODUCT = YES;
			};
			name = Release;
		};
		E269350C1FC674E200A4950C /* Debug */ = {
			isa = XCBuildConfiguration;
			buildSettings = {
				ASSETCATALOG_COMPILER_APPICON_NAME = AppIcon;
				CODE_SIGN_STYLE = Automatic;
				INFOPLIST_FILE = NewTest/Info.plist;
				LD_RUNPATH_SEARCH_PATHS = "$(inherited) @executable_path/Frameworks";
				PRODUCT_BUNDLE_IDENTIFIER = com.weiying.NewTest;
				PRODUCT_NAME = "$(TARGET_NAME)";
				TARGETED_DEVICE_FAMILY = "1,2";
			};
			name = Debug;
		};
		E269350D1FC674E200A4950C /* Release */ = {
			isa = XCBuildConfiguration;
			buildSettings = {
				ASSETCATALOG_COMPILER_APPICON_NAME = AppIcon;
				CODE_SIGN_STYLE = Automatic;
				INFOPLIST_FILE = NewTest/Info.plist;
				LD_RUNPATH_SEARCH_PATHS = "$(inherited) @executable_path/Frameworks";
				PRODUCT_BUNDLE_IDENTIFIER = com.weiying.NewTest;
				PRODUCT_NAME = "$(TARGET_NAME)";
				TARGETED_DEVICE_FAMILY = "1,2";
			};
			name = Release;
		};
		E269350F1FC674E200A4950C /* Debug */ = {
			isa = XCBuildConfiguration;
			buildSettings = {
				BUNDLE_LOADER = "$(TEST_HOST)";
				CODE_SIGN_STYLE = Automatic;
				INFOPLIST_FILE = NewTestTests/Info.plist;
				LD_RUNPATH_SEARCH_PATHS = "$(inherited) @executable_path/Frameworks @loader_path/Frameworks";
				PRODUCT_BUNDLE_IDENTIFIER = com.weiying.NewTestTests;
				PRODUCT_NAME = "$(TARGET_NAME)";
				TARGETED_DEVICE_FAMILY = "1,2";
				TEST_HOST = "$(BUILT_PRODUCTS_DIR)/NewTest.app/NewTest";
			};
			name = Debug;
		};
		E26935101FC674E200A4950C /* Release */ = {
			isa = XCBuildConfiguration;
			buildSettings = {
				BUNDLE_LOADER = "$(TEST_HOST)";
				CODE_SIGN_STYLE = Automatic;
				INFOPLIST_FILE = NewTestTests/Info.plist;
				LD_RUNPATH_SEARCH_PATHS = "$(inherited) @executable_path/Frameworks @loader_path/Frameworks";
				PRODUCT_BUNDLE_IDENTIFIER = com.weiying.NewTestTests;
				PRODUCT_NAME = "$(TARGET_NAME)";
				TARGETED_DEVICE_FAMILY = "1,2";
				TEST_HOST = "$(BUILT_PRODUCTS_DIR)/NewTest.app/NewTest";
			};
			name = Release;
		};
		E26935121FC674E200A4950C /* Debug */ = {
			isa = XCBuildConfiguration;
			buildSettings = {
				CODE_SIGN_STYLE = Automatic;
				INFOPLIST_FILE = NewTestUITests/Info.plist;
				LD_RUNPATH_SEARCH_PATHS = "$(inherited) @executable_path/Frameworks @loader_path/Frameworks";
				PRODUCT_BUNDLE_IDENTIFIER = com.weiying.NewTestUITests;
				PRODUCT_NAME = "$(TARGET_NAME)";
				TARGETED_DEVICE_FAMILY = "1,2";
				TEST_TARGET_NAME = NewTest;
			};
			name = Debug;
		};
		E26935131FC674E200A4950C /* Release */ = {
			isa = XCBuildConfiguration;
			buildSettings = {
				CODE_SIGN_STYLE = Automatic;
				INFOPLIST_FILE = NewTestUITests/Info.plist;
				LD_RUNPATH_SEARCH_PATHS = "$(inherited) @executable_path/Frameworks @loader_path/Frameworks";
				PRODUCT_BUNDLE_IDENTIFIER = com.weiying.NewTestUITests;
				PRODUCT_NAME = "$(TARGET_NAME)";
				TARGETED_DEVICE_FAMILY = "1,2";
				TEST_TARGET_NAME = NewTest;
			};
			name = Release;
		};
/* End XCBuildConfiguration section */

/* Begin XCConfigurationList section */
		E26934DA1FC674E200A4950C /* Build configuration list for PBXProject "NewTest" */ = {
			isa = XCConfigurationList;
			buildConfigurations = (
				E26935091FC674E200A4950C /* Debug */,
				E269350A1FC674E200A4950C /* Release */,
			);
			defaultConfigurationIsVisible = 0;
			defaultConfigurationName = Release;
		};
		E269350B1FC674E200A4950C /* Build configuration list for PBXNativeTarget "NewTest" */ = {
			isa = XCConfigurationList;
			buildConfigurations = (
				E269350C1FC674E200A4950C /* Debug */,
				E269350D1FC674E200A4950C /* Release */,
			);
			defaultConfigurationIsVisible = 0;
			defaultConfigurationName = Release;
		};
		E269350E1FC674E200A4950C /* Build configuration list for PBXNativeTarget "NewTestTests" */ = {
			isa = XCConfigurationList;
			buildConfigurations = (
				E269350F1FC674E200A4950C /* Debug */,
				E26935101FC674E200A4950C /* Release */,
			);
			defaultConfigurationIsVisible = 0;
			defaultConfigurationName = Release;
		};
		E26935111FC674E200A4950C /* Build configuration list for PBXNativeTarget "NewTestUITests" */ = {
			isa = XCConfigurationList;
			buildConfigurations = (
				E26935121FC674E200A4950C /* Debug */,
				E26935131FC674E200A4950C /* Release */,
			);
			defaultConfigurationIsVisible = 0;
			defaultConfigurationName = Release;
		};
/* End XCConfigurationList section */
	};
	rootObject = E26934D71FC674E200A4950C /* Project object */;
}
